
Microsoft Visual Studio Solution File, Format Version 12.00
# Visual Studio Version 17
VisualStudioVersion = 17.7.34221.43
MinimumVisualStudioVersion = 10.0.40219.1
Project("{9A19103F-16F7-4668-BE54-9A1E7A4F7556}") = "harjoitus 1", "harjoitus 1\harjoitus 1.csproj", "{75EF8972-A828-4B9A-8219-0C6DFE9DB387}"
EndProject
Project("{9A19103F-16F7-4668-BE54-9A1E7A4F7556}") = "harjoitus 2.0", "harjoitus 2.0\harjoitus 2.0.csproj", "{2C5EEBFE-7D94-401D-9FD7-14B4ACA0BBC9}"
EndProject
Project("{9A19103F-16F7-4668-BE54-9A1E7A4F7556}") = "harjoitus 3 (KT)", "harjoitus 3 (KT)\harjoitus 3 (KT).csproj", "{E39AD765-C718-4E5F-98A3-70CEDF66E3A8}"
EndProject
Project("{9A19103F-16F7-4668-BE54-9A1E7A4F7556}") = "Harjoitus 4 Albumi (Kotitehtävä)", "Harjoitus 4 Albumi (Kotitehtävä)\Harjoitus 4 Albumi (Kotitehtävä).csproj", "{E324B4D1-ED3D-4597-BEB9-13D9C0E2D4EB}"
EndProject
Project("{9A19103F-16F7-4668-BE54-9A1E7A4F7556}") = "Harjoitus 5 Laskin", "Harjoitus 5 Laskin\Harjoitus 5 Laskin.csproj", "{A012F662-2494-4EDA-BF58-248091B6F82F}"
EndProject
Project("{9A19103F-16F7-4668-BE54-9A1E7A4F7556}") = "harjoitus 6 eläin", "harjoitus 6 eläin\harjoitus 6 eläin.csproj", "{A26CF3CE-C12C-43BB-BC7B-127D9AC332BF}"
EndProject
Project("{9A19103F-16F7-4668-BE54-9A1E7A4F7556}") = "Harjoitus 7 Hissi", "Harjoitus 7 Hissi\Harjoitus 7 Hissi.csproj", "{35463887-D1F7-4AB1-8478-EB5093A85CEA}"
EndProject
Project("{9A19103F-16F7-4668-BE54-9A1E7A4F7556}") = "harjoitus 9 radio", "harjoitus 9 radio\harjoitus 9 radio.csproj", "{12A83992-B5F6-4952-BB06-F31E85BB4021}"
EndProject
Project("{9A19103F-16F7-4668-BE54-9A1E7A4F7556}") = "harjoitus 10 eläimet ja rajapinnat", "harjoitus 10 eläimet ja rajapinnat\harjoitus 10 eläimet ja rajapinnat.csproj", "{18B35E7F-9B41-47F3-9E5A-EF19088F6D8B}"
EndProject
Project("{9A19103F-16F7-4668-BE54-9A1E7A4F7556}") = "Harjoitus 11 Opiskelija Kokoelma", "Harjoitus 11 Opiskelija Kokoelma\Harjoitus 11 Opiskelija Kokoelma.csproj", "{6217FC13-CC93-4D65-899D-139A4121C597}"
EndProject
Project("{9A19103F-16F7-4668-BE54-9A1E7A4F7556}") = "harjoitus 12 korttipakka", "harjoitus 12 korttipakka\harjoitus 12 korttipakka.csproj", "{9578E6DC-4BDE-4E45-BBCB-9E0F094A07DE}"
EndProject
Project("{9A19103F-16F7-4668-BE54-9A1E7A4F7556}") = "harjoitus 13", "harjoitus 13\harjoitus 13.csproj", "{EC968B04-527F-43A9-B935-5E390AEDB19E}"
EndProject
Project("{FAE04EC0-301F-11D3-BF4B-00C04F79EFBC}") = "harjoitus 17", "harjoitus 17\harjoitus 17.csproj", "{F5E8CDA8-C778-4EC9-A597-2551049BE0CA}"
EndProject
Project("{FAE04EC0-301F-11D3-BF4B-00C04F79EFBC}") = "harjoitus 18", "harjoitus 18\harjoitus 18.csproj", "{1D82E271-4D38-480E-B431-B89AF6C3DD89}"
EndProject
Project("{FAE04EC0-301F-11D3-BF4B-00C04F79EFBC}") = "harjoitus 21 kauppalista", "harjoitus 21 kauppalista\harjoitus 21 kauppalista.csproj", "{6763BA55-5C8C-4FB4-82AB-6DFC97265BA7}"
EndProject
Project("{FAE04EC0-301F-11D3-BF4B-00C04F79EFBC}") = "harjoitus 22", "harjoitus 22\harjoitus 22.csproj", "{39CF720A-E71A-4E43-AA5D-4C04277D58B2}"
EndProject
Project("{FAE04EC0-301F-11D3-BF4B-00C04F79EFBC}") = "harjoitus 24 lotto", "harjoitus 24 lotto\harjoitus 24 lotto.csproj", "{E7A5A5F8-8E6D-47B3-99B1-62E2EBE264DA}"
EndProject
Global
	GlobalSection(SolutionConfigurationPlatforms) = preSolution
		Debug|Any CPU = Debug|Any CPU
		Release|Any CPU = Release|Any CPU
	EndGlobalSection
	GlobalSection(ProjectConfigurationPlatforms) = postSolution
		{75EF8972-A828-4B9A-8219-0C6DFE9DB387}.Debug|Any CPU.ActiveCfg = Debug|Any CPU
		{75EF8972-A828-4B9A-8219-0C6DFE9DB387}.Debug|Any CPU.Build.0 = Debug|Any CPU
		{75EF8972-A828-4B9A-8219-0C6DFE9DB387}.Release|Any CPU.ActiveCfg = Release|Any CPU
		{75EF8972-A828-4B9A-8219-0C6DFE9DB387}.Release|Any CPU.Build.0 = Release|Any CPU
		{2C5EEBFE-7D94-401D-9FD7-14B4ACA0BBC9}.Debug|Any CPU.ActiveCfg = Debug|Any CPU
		{2C5EEBFE-7D94-401D-9FD7-14B4ACA0BBC9}.Debug|Any CPU.Build.0 = Debug|Any CPU
		{2C5EEBFE-7D94-401D-9FD7-14B4ACA0BBC9}.Release|Any CPU.ActiveCfg = Release|Any CPU
		{2C5EEBFE-7D94-401D-9FD7-14B4ACA0BBC9}.Release|Any CPU.Build.0 = Release|Any CPU
		{E39AD765-C718-4E5F-98A3-70CEDF66E3A8}.Debug|Any CPU.ActiveCfg = Debug|Any CPU
		{E39AD765-C718-4E5F-98A3-70CEDF66E3A8}.Debug|Any CPU.Build.0 = Debug|Any CPU
		{E39AD765-C718-4E5F-98A3-70CEDF66E3A8}.Release|Any CPU.ActiveCfg = Release|Any CPU
		{E39AD765-C718-4E5F-98A3-70CEDF66E3A8}.Release|Any CPU.Build.0 = Release|Any CPU
		{E324B4D1-ED3D-4597-BEB9-13D9C0E2D4EB}.Debug|Any CPU.ActiveCfg = Debug|Any CPU
		{E324B4D1-ED3D-4597-BEB9-13D9C0E2D4EB}.Debug|Any CPU.Build.0 = Debug|Any CPU
		{E324B4D1-ED3D-4597-BEB9-13D9C0E2D4EB}.Release|Any CPU.ActiveCfg = Release|Any CPU
		{E324B4D1-ED3D-4597-BEB9-13D9C0E2D4EB}.Release|Any CPU.Build.0 = Release|Any CPU
		{A012F662-2494-4EDA-BF58-248091B6F82F}.Debug|Any CPU.ActiveCfg = Debug|Any CPU
		{A012F662-2494-4EDA-BF58-248091B6F82F}.Debug|Any CPU.Build.0 = Debug|Any CPU
		{A012F662-2494-4EDA-BF58-248091B6F82F}.Release|Any CPU.ActiveCfg = Release|Any CPU
		{A012F662-2494-4EDA-BF58-248091B6F82F}.Release|Any CPU.Build.0 = Release|Any CPU
		{A26CF3CE-C12C-43BB-BC7B-127D9AC332BF}.Debug|Any CPU.ActiveCfg = Debug|Any CPU
		{A26CF3CE-C12C-43BB-BC7B-127D9AC332BF}.Debug|Any CPU.Build.0 = Debug|Any CPU
		{A26CF3CE-C12C-43BB-BC7B-127D9AC332BF}.Release|Any CPU.ActiveCfg = Release|Any CPU
		{A26CF3CE-C12C-43BB-BC7B-127D9AC332BF}.Release|Any CPU.Build.0 = Release|Any CPU
		{35463887-D1F7-4AB1-8478-EB5093A85CEA}.Debug|Any CPU.ActiveCfg = Debug|Any CPU
		{35463887-D1F7-4AB1-8478-EB5093A85CEA}.Debug|Any CPU.Build.0 = Debug|Any CPU
		{35463887-D1F7-4AB1-8478-EB5093A85CEA}.Release|Any CPU.ActiveCfg = Release|Any CPU
		{35463887-D1F7-4AB1-8478-EB5093A85CEA}.Release|Any CPU.Build.0 = Release|Any CPU
		{12A83992-B5F6-4952-BB06-F31E85BB4021}.Debug|Any CPU.ActiveCfg = Debug|Any CPU
		{12A83992-B5F6-4952-BB06-F31E85BB4021}.Debug|Any CPU.Build.0 = Debug|Any CPU
		{12A83992-B5F6-4952-BB06-F31E85BB4021}.Release|Any CPU.ActiveCfg = Release|Any CPU
		{12A83992-B5F6-4952-BB06-F31E85BB4021}.Release|Any CPU.Build.0 = Release|Any CPU
		{18B35E7F-9B41-47F3-9E5A-EF19088F6D8B}.Debug|Any CPU.ActiveCfg = Debug|Any CPU
		{18B35E7F-9B41-47F3-9E5A-EF19088F6D8B}.Debug|Any CPU.Build.0 = Debug|Any CPU
		{18B35E7F-9B41-47F3-9E5A-EF19088F6D8B}.Release|Any CPU.ActiveCfg = Release|Any CPU
		{18B35E7F-9B41-47F3-9E5A-EF19088F6D8B}.Release|Any CPU.Build.0 = Release|Any CPU
		{6217FC13-CC93-4D65-899D-139A4121C597}.Debug|Any CPU.ActiveCfg = Debug|Any CPU
		{6217FC13-CC93-4D65-899D-139A4121C597}.Debug|Any CPU.Build.0 = Debug|Any CPU
		{6217FC13-CC93-4D65-899D-139A4121C597}.Release|Any CPU.ActiveCfg = Release|Any CPU
		{6217FC13-CC93-4D65-899D-139A4121C597}.Release|Any CPU.Build.0 = Release|Any CPU
		{9578E6DC-4BDE-4E45-BBCB-9E0F094A07DE}.Debug|Any CPU.ActiveCfg = Debug|Any CPU
		{9578E6DC-4BDE-4E45-BBCB-9E0F094A07DE}.Debug|Any CPU.Build.0 = Debug|Any CPU
		{9578E6DC-4BDE-4E45-BBCB-9E0F094A07DE}.Release|Any CPU.ActiveCfg = Release|Any CPU
		{9578E6DC-4BDE-4E45-BBCB-9E0F094A07DE}.Release|Any CPU.Build.0 = Release|Any CPU
		{EC968B04-527F-43A9-B935-5E390AEDB19E}.Debug|Any CPU.ActiveCfg = Debug|Any CPU
		{EC968B04-527F-43A9-B935-5E390AEDB19E}.Debug|Any CPU.Build.0 = Debug|Any CPU
		{EC968B04-527F-43A9-B935-5E390AEDB19E}.Release|Any CPU.ActiveCfg = Release|Any CPU
		{EC968B04-527F-43A9-B935-5E390AEDB19E}.Release|Any CPU.Build.0 = Release|Any CPU
		{F5E8CDA8-C778-4EC9-A597-2551049BE0CA}.Debug|Any CPU.ActiveCfg = Debug|Any CPU
		{F5E8CDA8-C778-4EC9-A597-2551049BE0CA}.Debug|Any CPU.Build.0 = Debug|Any CPU
		{F5E8CDA8-C778-4EC9-A597-2551049BE0CA}.Release|Any CPU.ActiveCfg = Release|Any CPU
		{F5E8CDA8-C778-4EC9-A597-2551049BE0CA}.Release|Any CPU.Build.0 = Release|Any CPU
		{1D82E271-4D38-480E-B431-B89AF6C3DD89}.Debug|Any CPU.ActiveCfg = Debug|Any CPU
		{1D82E271-4D38-480E-B431-B89AF6C3DD89}.Debug|Any CPU.Build.0 = Debug|Any CPU
		{1D82E271-4D38-480E-B431-B89AF6C3DD89}.Release|Any CPU.ActiveCfg = Release|Any CPU
		{1D82E271-4D38-480E-B431-B89AF6C3DD89}.Release|Any CPU.Build.0 = Release|Any CPU
		{6763BA55-5C8C-4FB4-82AB-6DFC97265BA7}.Debug|Any CPU.ActiveCfg = Debug|Any CPU
		{6763BA55-5C8C-4FB4-82AB-6DFC97265BA7}.Debug|Any CPU.Build.0 = Debug|Any CPU
		{6763BA55-5C8C-4FB4-82AB-6DFC97265BA7}.Release|Any CPU.ActiveCfg = Release|Any CPU
		{6763BA55-5C8C-4FB4-82AB-6DFC97265BA7}.Release|Any CPU.Build.0 = Release|Any CPU
		{39CF720A-E71A-4E43-AA5D-4C04277D58B2}.Debug|Any CPU.ActiveCfg = Debug|Any CPU
		{39CF720A-E71A-4E43-AA5D-4C04277D58B2}.Debug|Any CPU.Build.0 = Debug|Any CPU
		{39CF720A-E71A-4E43-AA5D-4C04277D58B2}.Release|Any CPU.ActiveCfg = Release|Any CPU
		{39CF720A-E71A-4E43-AA5D-4C04277D58B2}.Release|Any CPU.Build.0 = Release|Any CPU
		{E7A5A5F8-8E6D-47B3-99B1-62E2EBE264DA}.Debug|Any CPU.ActiveCfg = Debug|Any CPU
		{E7A5A5F8-8E6D-47B3-99B1-62E2EBE264DA}.Debug|Any CPU.Build.0 = Debug|Any CPU
		{E7A5A5F8-8E6D-47B3-99B1-62E2EBE264DA}.Release|Any CPU.ActiveCfg = Release|Any CPU
		{E7A5A5F8-8E6D-47B3-99B1-62E2EBE264DA}.Release|Any CPU.Build.0 = Release|Any CPU
	EndGlobalSection
	GlobalSection(SolutionProperties) = preSolution
		HideSolutionNode = FALSE
	EndGlobalSection
	GlobalSection(ExtensibilityGlobals) = postSolution
		SolutionGuid = {9F3A3916-310D-45A4-999D-DCF5854D93D8}
	EndGlobalSection
EndGlobal
